
Microsoft Visual Studio Solution File, Format Version 12.00
# Visual Studio Express 2013 for Windows Desktop
VisualStudioVersion = 12.0.21005.1
MinimumVisualStudioVersion = 10.0.40219.1
Project("{FAE04EC0-301F-11D3-BF4B-00C04F79EFBC}") = "LogLibrary", "LogLibrary\LogLibrary.csproj", "{FE814906-0549-4F96-B983-6C28D0AF228F}"
EndProject
Project("{FAE04EC0-301F-11D3-BF4B-00C04F79EFBC}") = "LogServer", "LogServer\LogServer.csproj", "{DB8B72B2-BCA0-4A57-977B-3C1448C4FC29}"
EndProject
Project("{FAE04EC0-301F-11D3-BF4B-00C04F79EFBC}") = "LogConsoleTestApp", "LogConsoleTestApp\LogConsoleTestApp.csproj", "{26E7538D-ABA6-45DA-9B7C-CC6C192E7F03}"
EndProject
Global
	GlobalSection(SolutionConfigurationPlatforms) = preSolution
		Debug|Any CPU = Debug|Any CPU
		Release|Any CPU = Release|Any CPU
	EndGlobalSection
	GlobalSection(ProjectConfigurationPlatforms) = postSolution
		{FE814906-0549-4F96-B983-6C28D0AF228F}.Debug|Any CPU.ActiveCfg = Debug|Any CPU
		{FE814906-0549-4F96-B983-6C28D0AF228F}.Debug|Any CPU.Build.0 = Debug|Any CPU
		{FE814906-0549-4F96-B983-6C28D0AF228F}.Release|Any CPU.ActiveCfg = Release|Any CPU
		{FE814906-0549-4F96-B983-6C28D0AF228F}.Release|Any CPU.Build.0 = Release|Any CPU
		{DB8B72B2-BCA0-4A57-977B-3C1448C4FC29}.Debug|Any CPU.ActiveCfg = Debug|Any CPU
		{DB8B72B2-BCA0-4A57-977B-3C1448C4FC29}.Debug|Any CPU.Build.0 = Debug|Any CPU
		{DB8B72B2-BCA0-4A57-977B-3C1448C4FC29}.Release|Any CPU.ActiveCfg = Release|Any CPU
		{DB8B72B2-BCA0-4A57-977B-3C1448C4FC29}.Release|Any CPU.Build.0 = Release|Any CPU
		{26E7538D-ABA6-45DA-9B7C-CC6C192E7F03}.Debug|Any CPU.ActiveCfg = Debug|Any CPU
		{26E7538D-ABA6-45DA-9B7C-CC6C192E7F03}.Debug|Any CPU.Build.0 = Debug|Any CPU
		{26E7538D-ABA6-45DA-9B7C-CC6C192E7F03}.Release|Any CPU.ActiveCfg = Release|Any CPU
		{26E7538D-ABA6-45DA-9B7C-CC6C192E7F03}.Release|Any CPU.Build.0 = Release|Any CPU
	EndGlobalSection
	GlobalSection(SolutionProperties) = preSolution
		HideSolutionNode = FALSE
	EndGlobalSection
EndGlobal
