
Microsoft Visual Studio Solution File, Format Version 12.00
# Visual Studio Express 2013 for Windows Desktop
VisualStudioVersion = 12.0.21005.1
MinimumVisualStudioVersion = 10.0.40219.1
Project("{FAE04EC0-301F-11D3-BF4B-00C04F79EFBC}") = "TabularRenderKit", "TabularRenderKit\TabularRenderKit.csproj", "{A1BD32D5-5779-439D-A35D-C716738562CA}"
EndProject
Project("{FAE04EC0-301F-11D3-BF4B-00C04F79EFBC}") = "TabClient", "TabClient\TabClient.csproj", "{B8FBC0EA-F103-4BFC-8747-EBF5606F0113}"
EndProject
Project("{FAE04EC0-301F-11D3-BF4B-00C04F79EFBC}") = "SimpleVisitor", "SimpleVisitor\SimpleVisitor.csproj", "{F0C74671-2863-4822-B0F5-46440E7D6BAC}"
EndProject
Global
	GlobalSection(SolutionConfigurationPlatforms) = preSolution
		Debug|Any CPU = Debug|Any CPU
		Release|Any CPU = Release|Any CPU
	EndGlobalSection
	GlobalSection(ProjectConfigurationPlatforms) = postSolution
		{A1BD32D5-5779-439D-A35D-C716738562CA}.Debug|Any CPU.ActiveCfg = Debug|Any CPU
		{A1BD32D5-5779-439D-A35D-C716738562CA}.Debug|Any CPU.Build.0 = Debug|Any CPU
		{A1BD32D5-5779-439D-A35D-C716738562CA}.Release|Any CPU.ActiveCfg = Release|Any CPU
		{A1BD32D5-5779-439D-A35D-C716738562CA}.Release|Any CPU.Build.0 = Release|Any CPU
		{B8FBC0EA-F103-4BFC-8747-EBF5606F0113}.Debug|Any CPU.ActiveCfg = Debug|Any CPU
		{B8FBC0EA-F103-4BFC-8747-EBF5606F0113}.Debug|Any CPU.Build.0 = Debug|Any CPU
		{B8FBC0EA-F103-4BFC-8747-EBF5606F0113}.Release|Any CPU.ActiveCfg = Release|Any CPU
		{B8FBC0EA-F103-4BFC-8747-EBF5606F0113}.Release|Any CPU.Build.0 = Release|Any CPU
		{F0C74671-2863-4822-B0F5-46440E7D6BAC}.Debug|Any CPU.ActiveCfg = Debug|Any CPU
		{F0C74671-2863-4822-B0F5-46440E7D6BAC}.Debug|Any CPU.Build.0 = Debug|Any CPU
		{F0C74671-2863-4822-B0F5-46440E7D6BAC}.Release|Any CPU.ActiveCfg = Release|Any CPU
		{F0C74671-2863-4822-B0F5-46440E7D6BAC}.Release|Any CPU.Build.0 = Release|Any CPU
	EndGlobalSection
	GlobalSection(SolutionProperties) = preSolution
		HideSolutionNode = FALSE
	EndGlobalSection
EndGlobal
