
Microsoft Visual Studio Solution File, Format Version 12.00
# Visual Studio Express 2013 for Windows Desktop
VisualStudioVersion = 12.0.21005.1
MinimumVisualStudioVersion = 10.0.40219.1
Project("{FAE04EC0-301F-11D3-BF4B-00C04F79EFBC}") = "GraphPlotter", "GraphPlotter\GraphPlotter.csproj", "{4B8CED1C-EC84-467D-A8C1-EB8DBA8EE247}"
EndProject
Project("{FAE04EC0-301F-11D3-BF4B-00C04F79EFBC}") = "ExpressionLib", "ExpressionLib\ExpressionLib.csproj", "{A7FAD3F1-B5FC-4E4C-A94F-6BFC7D4CAB56}"
EndProject
Global
	GlobalSection(SolutionConfigurationPlatforms) = preSolution
		Debug|Any CPU = Debug|Any CPU
		Release|Any CPU = Release|Any CPU
	EndGlobalSection
	GlobalSection(ProjectConfigurationPlatforms) = postSolution
		{4B8CED1C-EC84-467D-A8C1-EB8DBA8EE247}.Debug|Any CPU.ActiveCfg = Debug|Any CPU
		{4B8CED1C-EC84-467D-A8C1-EB8DBA8EE247}.Debug|Any CPU.Build.0 = Debug|Any CPU
		{4B8CED1C-EC84-467D-A8C1-EB8DBA8EE247}.Release|Any CPU.ActiveCfg = Release|Any CPU
		{4B8CED1C-EC84-467D-A8C1-EB8DBA8EE247}.Release|Any CPU.Build.0 = Release|Any CPU
		{A7FAD3F1-B5FC-4E4C-A94F-6BFC7D4CAB56}.Debug|Any CPU.ActiveCfg = Debug|Any CPU
		{A7FAD3F1-B5FC-4E4C-A94F-6BFC7D4CAB56}.Debug|Any CPU.Build.0 = Debug|Any CPU
		{A7FAD3F1-B5FC-4E4C-A94F-6BFC7D4CAB56}.Release|Any CPU.ActiveCfg = Release|Any CPU
		{A7FAD3F1-B5FC-4E4C-A94F-6BFC7D4CAB56}.Release|Any CPU.Build.0 = Release|Any CPU
	EndGlobalSection
	GlobalSection(SolutionProperties) = preSolution
		HideSolutionNode = FALSE
	EndGlobalSection
EndGlobal
