
Microsoft Visual Studio Solution File, Format Version 12.00
# Visual Studio 2013
VisualStudioVersion = 12.0.40629.0
MinimumVisualStudioVersion = 10.0.40219.1
Project("{FAE04EC0-301F-11D3-BF4B-00C04F79EFBC}") = "MvcApplication1", "MvcApplication1\MvcApplication1.csproj", "{0A8483CD-8742-4EC9-97DA-ECB41DBF86C3}"
EndProject
Project("{FAE04EC0-301F-11D3-BF4B-00C04F79EFBC}") = "SpellChecker", "SpellChecker\SpellChecker.csproj", "{44615664-EF7A-44CC-9306-5CF416C38FB4}"
EndProject
Global
	GlobalSection(SolutionConfigurationPlatforms) = preSolution
		Debug|Any CPU = Debug|Any CPU
		Release|Any CPU = Release|Any CPU
	EndGlobalSection
	GlobalSection(ProjectConfigurationPlatforms) = postSolution
		{0A8483CD-8742-4EC9-97DA-ECB41DBF86C3}.Debug|Any CPU.ActiveCfg = Debug|Any CPU
		{0A8483CD-8742-4EC9-97DA-ECB41DBF86C3}.Debug|Any CPU.Build.0 = Debug|Any CPU
		{0A8483CD-8742-4EC9-97DA-ECB41DBF86C3}.Release|Any CPU.ActiveCfg = Release|Any CPU
		{0A8483CD-8742-4EC9-97DA-ECB41DBF86C3}.Release|Any CPU.Build.0 = Release|Any CPU
		{44615664-EF7A-44CC-9306-5CF416C38FB4}.Debug|Any CPU.ActiveCfg = Debug|Any CPU
		{44615664-EF7A-44CC-9306-5CF416C38FB4}.Debug|Any CPU.Build.0 = Debug|Any CPU
		{44615664-EF7A-44CC-9306-5CF416C38FB4}.Release|Any CPU.ActiveCfg = Release|Any CPU
		{44615664-EF7A-44CC-9306-5CF416C38FB4}.Release|Any CPU.Build.0 = Release|Any CPU
	EndGlobalSection
	GlobalSection(SolutionProperties) = preSolution
		HideSolutionNode = FALSE
	EndGlobalSection
EndGlobal
